# platform: win-64
# env_hash: 8c2975c19ba2a84d98775fee959a2e37bef8dd14f046d5837f7cc272f7b00c16
@EXPLICIT
https://conda.anaconda.org/conda-forge/win-64/ca-certificates-2021.5.30-h5b45459_0.tar.bz2#cfb6380d41af681ad323403f02755a15
https://conda.anaconda.org/conda-forge/win-64/intel-openmp-2021.2.0-h57928b3_616.tar.bz2#d8d07bf41db9316fd374970f1813a144
https://conda.anaconda.org/conda-forge/win-64/mkl-include-2021.2.0-hb70f87d_389.tar.bz2#2defce780d5420193dbd30d1c97adac7
https://conda.anaconda.org/conda-forge/win-64/msys2-conda-epoch-20160418-1.tar.bz2#b0309b72560df66f71a9d5e34a5efdfa
https://conda.anaconda.org/conda-forge/win-64/pandoc-2.14.0.2-h8ffe710_0.tar.bz2#3cd4de6e734ba147f59eb4c00326883f
https://conda.anaconda.org/conda-forge/win-64/vs2015_runtime-14.28.29325-h5e1d092_4.tar.bz2#e89bf06003c46c09ee8628eb76aa9520
https://conda.anaconda.org/conda-forge/win-64/winpty-0.4.3-4.tar.bz2#1cee351bf20b830d991dbe0bc8cd7dfe
https://conda.anaconda.org/conda-forge/win-64/m2w64-gmp-6.1.0-2.tar.bz2#53a1c73e1e3d185516d7e3af177596d9
https://conda.anaconda.org/conda-forge/win-64/m2w64-libwinpthread-git-5.0.0.4634.697f757-2.tar.bz2#774130a326dee16f1ceb05cc687ee4f0
https://conda.anaconda.org/conda-forge/win-64/ninja-1.10.2-h5362a0b_0.tar.bz2#bc12dd259e66d795b6d2e9685d069791
https://conda.anaconda.org/conda-forge/win-64/vc-14.2-hb210afc_4.tar.bz2#45ddc2c65ad6c200120db1a682803462
https://conda.anaconda.org/conda-forge/win-64/cudatoolkit-11.1.1-heb2d755_7.tar.bz2#d51950f7756e66b9fe9a540d038a336a
https://conda.anaconda.org/conda-forge/win-64/libsodium-1.0.18-h8d14728_1.tar.bz2#5c1fb45b5e2912c19098750ae8a32604
https://conda.anaconda.org/conda-forge/win-64/libuv-1.41.0-h8ffe710_0.tar.bz2#eaa68aac869b122381aac18bab43e72d
https://conda.anaconda.org/conda-forge/win-64/m2w64-gcc-libs-core-5.3.0-7.tar.bz2#4289d80fb4d272f1f3b56cfe87ac90bd
https://conda.anaconda.org/conda-forge/win-64/openssl-1.1.1k-h8ffe710_0.tar.bz2#e94dbe6f21cc34fa9cc3cf26cd42466a
https://conda.anaconda.org/conda-forge/win-64/sqlite-3.35.5-h8ffe710_0.tar.bz2#8713caaaabd90ef2a1b0057fe90625ad
https://conda.anaconda.org/conda-forge/win-64/tbb-2021.2.0-h2d74725_0.tar.bz2#21d75e8268c20395acc6b516e87e8d9d
https://conda.anaconda.org/conda-forge/win-64/yaml-0.2.5-he774522_0.tar.bz2#d41c34441d8bbb6d141e691ae7bccf35
https://conda.anaconda.org/conda-forge/win-64/m2w64-gcc-libgfortran-5.3.0-6.tar.bz2#066552ac6b907ec6d72c0ddab29050dc
https://conda.anaconda.org/conda-forge/win-64/mkl-2021.2.0-hb70f87d_389.tar.bz2#404412be469d3a2b326d3ceb432b1e4e
https://conda.anaconda.org/conda-forge/win-64/python-3.8.10-h7840368_1_cpython.tar.bz2#a4057b16c7db9c862530802b5e357dbc
https://conda.anaconda.org/conda-forge/win-64/zeromq-4.3.4-h0e60522_0.tar.bz2#e9004ac5d24937850e9edff978c7e515
https://conda.anaconda.org/conda-forge/noarch/appdirs-1.4.4-pyh9f0ad1d_0.tar.bz2#5f095bc6454094e96f146491fd03633b
https://conda.anaconda.org/conda-forge/noarch/async_generator-1.10-py_0.tar.bz2#d56c596e61b1c4952acf0a9920856c12
https://conda.anaconda.org/conda-forge/noarch/atomicwrites-1.4.0-pyh9f0ad1d_0.tar.bz2#5e36230ffaf3b7bb599424592684ae53
https://conda.anaconda.org/conda-forge/noarch/attrs-21.2.0-pyhd8ed1ab_0.tar.bz2#d2e1c7f388ac403df7079b411c37cc50
https://conda.anaconda.org/conda-forge/noarch/backcall-0.2.0-pyh9f0ad1d_0.tar.bz2#6006a6d08a3fa99268a2681c7fb55213
https://conda.anaconda.org/conda-forge/noarch/backports-1.0-py_2.tar.bz2#0da16b293affa6ac31812376f8eb79dd
https://conda.anaconda.org/conda-forge/noarch/colorama-0.4.4-pyh9f0ad1d_0.tar.bz2#c08b4c1326b880ed44f3ffb04803332f
https://conda.anaconda.org/conda-forge/noarch/decorator-5.0.9-pyhd8ed1ab_0.tar.bz2#0ae9cca42e37b5ce6267c2a2b1383546
https://conda.anaconda.org/conda-forge/noarch/defusedxml-0.7.1-pyhd8ed1ab_0.tar.bz2#961b3a227b437d82ad7054484cfa71b2
https://conda.anaconda.org/conda-forge/noarch/entrypoints-0.3-pyhd8ed1ab_1003.tar.bz2#bbf9a201f6ce99a506f4955374d9a9f4
https://conda.anaconda.org/conda-forge/noarch/filelock-3.0.12-pyh9f0ad1d_0.tar.bz2#7544ed05bbbe9bb687bc9bcbe4d6cb46
https://conda.anaconda.org/conda-forge/noarch/idna-2.10-pyh9f0ad1d_0.tar.bz2#f95a12b4f435aae6680fe55ae2eb1b06
https://conda.anaconda.org/conda-forge/noarch/iniconfig-1.1.1-pyh9f0ad1d_0.tar.bz2#39161f81cc5e5ca45b8226fbb06c6905
https://conda.anaconda.org/conda-forge/noarch/ipython_genutils-0.2.0-py_1.tar.bz2#5071c982548b3a20caf70462f04f5287
https://conda.anaconda.org/conda-forge/noarch/json5-0.9.5-pyh9f0ad1d_0.tar.bz2#10759827a94e6b14996e81fb002c0bda
https://conda.anaconda.org/conda-forge/win-64/libblas-3.9.0-9_mkl.tar.bz2#9db32f9669e4bfce8e167811d1c5e0a0
https://conda.anaconda.org/conda-forge/win-64/m2w64-gcc-libs-5.3.0-7.tar.bz2#fe759119b8b3bfa720b8762c6fdc35de
https://conda.anaconda.org/conda-forge/win-64/mkl-devel-2021.2.0-h57928b3_390.tar.bz2#8322507691fcc8f4e2a084f16686a154
https://conda.anaconda.org/conda-forge/noarch/more-itertools-8.8.0-pyhd8ed1ab_0.tar.bz2#af8d3837f18d331839368bcb9f8cd3d9
https://conda.anaconda.org/conda-forge/noarch/mpmath-1.2.1-pyhd8ed1ab_0.tar.bz2#9b06ebbd24f7c60ba5a29117c528514e
https://conda.anaconda.org/conda-forge/noarch/nest-asyncio-1.5.1-pyhd8ed1ab_0.tar.bz2#47a51a5b8f9cc41004c8d7bd88b62447
https://repo.anaconda.com/pkgs/main/win-64/pandocfilters-1.4.3-py38haa95532_1.conda#7635aa510ebd094fcf2321042d2a9091
https://conda.anaconda.org/conda-forge/noarch/parso-0.8.2-pyhd8ed1ab_0.tar.bz2#fb40b157bd62b457a1cc82527b63f0b0
https://conda.anaconda.org/conda-forge/noarch/pickleshare-0.7.5-py_1003.tar.bz2#415f0ebb6198cc2801c73438a9fb5761
https://conda.anaconda.org/conda-forge/noarch/prometheus_client-0.11.0-pyhd8ed1ab_0.tar.bz2#01f530bf82d9f589c2087b8c347d5e29
https://conda.anaconda.org/conda-forge/noarch/py-1.10.0-pyhd3deb0d_0.tar.bz2#88ca1328ecc79a070214aa24911bace8
https://conda.anaconda.org/conda-forge/noarch/pycparser-2.20-pyh9f0ad1d_2.tar.bz2#aa798d50ffd182a0f6f31478c7f434f6
https://conda.anaconda.org/conda-forge/noarch/pyparsing-2.4.7-pyh9f0ad1d_0.tar.bz2#626c4f20d5bf06dcec9cf2eaa31725c7
https://conda.anaconda.org/conda-forge/win-64/python_abi-3.8-1_cp38.tar.bz2#18ced0580562dca07ae039050748cc50
https://conda.anaconda.org/conda-forge/noarch/pytz-2021.1-pyhd8ed1ab_0.tar.bz2#3af2e9424d5eb0063824a3f9b850d411
https://conda.anaconda.org/conda-forge/noarch/send2trash-1.5.0-py_0.tar.bz2#c3779037a635e1150f1c53c28b875949
https://conda.anaconda.org/conda-forge/noarch/six-1.16.0-pyh6c4a22f_0.tar.bz2#e5f25f8dbc060e9a8d912e432202afc2
https://conda.anaconda.org/conda-forge/noarch/testpath-0.5.0-pyhd8ed1ab_0.tar.bz2#53b57d6a468bebc7cef1253b177a5e9e
https://conda.anaconda.org/conda-forge/noarch/toml-0.10.2-pyhd8ed1ab_0.tar.bz2#f832c45a477c78bebd107098db465095
https://conda.anaconda.org/conda-forge/noarch/tqdm-4.61.1-pyhd8ed1ab_0.tar.bz2#29bcac0ab1821d158d84a1f720fb899e
https://conda.anaconda.org/conda-forge/noarch/typing_extensions-3.10.0.0-pyha770c72_0.tar.bz2#67c0cba6533b641f28946d7c16f361c8
https://conda.anaconda.org/conda-forge/noarch/webencodings-0.5.1-py_1.tar.bz2#3563be4c5611a44210d9ba0c16113136
https://conda.anaconda.org/conda-forge/noarch/zipp-3.4.1-pyhd8ed1ab_0.tar.bz2#a4fa30eb74a326092b3d8078b1f1aae1
https://conda.anaconda.org/conda-forge/noarch/babel-2.9.1-pyh44b312d_0.tar.bz2#74136ed39bfea0832d338df1e58d013e
https://conda.anaconda.org/conda-forge/win-64/certifi-2021.5.30-py38haa244fe_0.tar.bz2#c67310f818089d4919abe5f0d73dd4e4
https://conda.anaconda.org/conda-forge/win-64/cffi-1.14.5-py38hd8c33c5_0.tar.bz2#e37ed9001bfcfcbe756cad573025332e
https://conda.anaconda.org/conda-forge/win-64/chardet-4.0.0-py38haa244fe_1.tar.bz2#9bbdbfa107dd56c65935bc1843dcce87
https://conda.anaconda.org/conda-forge/win-64/click-8.0.1-py38haa244fe_0.tar.bz2#d973392ec7160efcac0300a13a65103a
https://conda.anaconda.org/conda-forge/win-64/importlib-metadata-4.5.0-py38haa244fe_0.tar.bz2#b4801b70aae663b2d7c1f70c7982bcf3
https://conda.anaconda.org/conda-forge/win-64/jedi-0.18.0-py38haa244fe_2.tar.bz2#5ebcdbf2b8991fb81c246dfaa2c6be95
https://conda.anaconda.org/conda-forge/win-64/libcblas-3.9.0-9_mkl.tar.bz2#e95c6f555997dfaf5397829f9fbed148
https://conda.anaconda.org/conda-forge/win-64/liblapack-3.9.0-9_mkl.tar.bz2#c7f61dd7beee787b3df5b82e5398173b
https://conda.anaconda.org/conda-forge/win-64/markupsafe-2.0.1-py38h294d835_0.tar.bz2#5cd73c62b2e84ef72d32f5c1a824f633
https://conda.anaconda.org/conda-forge/win-64/mistune-0.8.4-py38h294d835_1003.tar.bz2#e3517b07057bbb0c0c75e011711a4378
https://conda.anaconda.org/conda-forge/noarch/packaging-20.9-pyh44b312d_0.tar.bz2#be69a38e912054a62dc82cc3c7711a64
https://conda.anaconda.org/conda-forge/win-64/pluggy-0.13.1-py38haa244fe_4.tar.bz2#ccef3e2c529989f061d2d12af68c2731
https://conda.anaconda.org/conda-forge/win-64/pyrsistent-0.17.3-py38h294d835_2.tar.bz2#7989a0a7774033d28158f68c2cb86b5b
https://conda.anaconda.org/conda-forge/noarch/python-dateutil-2.8.1-py_0.tar.bz2#0d0150ed9c2d25817f5324108d3f7571
https://conda.anaconda.org/conda-forge/win-64/pywin32-300-py38h294d835_0.tar.bz2#00ca6208d00309f45c22443aa77a9e1e
https://conda.anaconda.org/conda-forge/win-64/pywinpty-1.1.1-py38hd3f51b4_0.tar.bz2#9115148f4c5326d84f50cfe162303cf3
https://conda.anaconda.org/conda-forge/win-64/pyyaml-5.4.1-py38h294d835_0.tar.bz2#6502967250cd8e7512fc8252c0da28d7
https://conda.anaconda.org/conda-forge/win-64/pyzmq-22.1.0-py38h09162b1_0.tar.bz2#037b788a874a647c62bfc2eaae91ec81
https://conda.anaconda.org/conda-forge/win-64/sniffio-1.2.0-py38haa244fe_1.tar.bz2#5ce6ffe01b6e2531347f9ac7e46d3b69
https://conda.anaconda.org/conda-forge/win-64/sympy-1.8-py38haa244fe_0.tar.bz2#7f95466b0d81dea638e8b17c4b981f83
https://conda.anaconda.org/conda-forge/win-64/tornado-6.1-py38h294d835_1.tar.bz2#e2d72b0e2e40b6b444617c079d4cfb75
https://conda.anaconda.org/conda-forge/noarch/traitlets-5.0.5-py_0.tar.bz2#99618ee9ab1323e40f231acdab92fe60
https://repo.anaconda.com/pkgs/main/win-64/websocket-client-0.58.0-py38haa95532_4.conda#c2bef1e47433c5a5ac43ca984057f0d3
https://conda.anaconda.org/conda-forge/win-64/win_inet_pton-1.1.0-py38haa244fe_2.tar.bz2#6ebb62fd7f9ad919a8e43548e1163130
https://conda.anaconda.org/conda-forge/win-64/wincertstore-0.2-py38haa244fe_1006.tar.bz2#3d25df9e81ec24db2d91b7b477860a01
https://conda.anaconda.org/conda-forge/win-64/anyio-3.1.0-py38haa244fe_0.tar.bz2#cf4d0215d55f242e3b52a41a0f93aeb0
https://conda.anaconda.org/conda-forge/win-64/argon2-cffi-20.1.0-py38h294d835_2.tar.bz2#2c84cff56efb8071cd3996453f8d05a2
https://conda.anaconda.org/conda-forge/win-64/brotlipy-0.7.0-py38h294d835_1001.tar.bz2#2ee57645fb3b9e5388df213477e1300e
https://conda.anaconda.org/conda-forge/noarch/click-default-group-1.2.2-pyhd8ed1ab_1.tar.bz2#72a46ffc25701c173932fd55cf0965d3
https://conda.anaconda.org/conda-forge/win-64/cryptography-3.4.7-py38hd7da0ea_0.tar.bz2#1679807c685824e4ad34fb4cad659668
https://conda.anaconda.org/conda-forge/noarch/jinja2-3.0.1-pyhd8ed1ab_0.tar.bz2#c647e77921fd3e245cdcc5b2d451a0f8
https://conda.anaconda.org/conda-forge/win-64/jupyter_core-4.7.1-py38haa244fe_0.tar.bz2#66305c568b9c5e6be7237208cdfd6fd5
https://conda.anaconda.org/conda-forge/win-64/liblapacke-3.9.0-9_mkl.tar.bz2#7e32154d5d91c69d94bd5fcdda2144e6
https://conda.anaconda.org/conda-forge/noarch/matplotlib-inline-0.1.2-pyhd8ed1ab_2.tar.bz2#0967e1db58b16e416464ca399f87df79
https://conda.anaconda.org/conda-forge/win-64/numpy-1.20.3-py38h09042cb_0.tar.bz2#dddfb8c226751a5aa9b6ad76fde3b8dd
https://conda.anaconda.org/conda-forge/win-64/pysocks-1.7.1-py38haa244fe_3.tar.bz2#8fac4219dff4b3204e424f219660565c
https://conda.anaconda.org/conda-forge/win-64/pytest-6.2.4-py38haa244fe_0.tar.bz2#9a4ef2ed04b713231f586a1115b61e0a
https://repo.anaconda.com/pkgs/main/win-64/setuptools-52.0.0-py38haa95532_0.conda#532c30c6856a92c2dc9f297cf930cb75
https://conda.anaconda.org/conda-forge/win-64/terminado-0.10.1-py38haa244fe_0.tar.bz2#50d134b2b6d5aa3e950a9a81517bc650
https://conda.anaconda.org/conda-forge/noarch/backports.functools_lru_cache-1.6.4-pyhd8ed1ab_0.tar.bz2#c5b3edc62d6309088f4970b3eaaa65a6
https://conda.anaconda.org/conda-forge/win-64/blas-devel-3.9.0-9_mkl.tar.bz2#ed4ce0c22ad107505a867bf6e1d40c80
https://conda.anaconda.org/conda-forge/noarch/bleach-3.3.0-pyh44b312d_0.tar.bz2#abf6b76c39358ca36ca706c46f054f2a
https://conda.anaconda.org/conda-forge/noarch/jsonschema-3.2.0-pyhd8ed1ab_3.tar.bz2#66125e28711d8ffc04a207a2b170316d
https://conda.anaconda.org/conda-forge/noarch/jupyter_client-6.1.12-pyhd8ed1ab_0.tar.bz2#f58b38ddb9f94fa3cafea4ba2b17f93b
https://conda.anaconda.org/conda-forge/win-64/numexpr-2.7.3-py38h4c96930_0.tar.bz2#a3b50c3dafdba86e32de049442724d6c
https://conda.anaconda.org/conda-forge/win-64/pandas-1.2.4-py38h60cbd38_0.tar.bz2#07c7981435c35cd389f6ef0f1a7d1438
https://conda.anaconda.org/conda-forge/noarch/pygments-2.9.0-pyhd8ed1ab_0.tar.bz2#a2d9bba43c9b80a42b0ccb9afd7223c2
https://conda.anaconda.org/conda-forge/noarch/pyopenssl-20.0.1-pyhd8ed1ab_0.tar.bz2#92371c25994d0f5d28a01c1fb75ebf86
https://conda.anaconda.org/conda-forge/win-64/blas-2.109-mkl.tar.bz2#0327dab238258b4f9f2d040855df570b
https://conda.anaconda.org/conda-forge/noarch/jupyterlab_pygments-0.1.2-pyh9f0ad1d_0.tar.bz2#2cbd910890bb328e8959246a1e16fac7
https://conda.anaconda.org/conda-forge/noarch/nbformat-5.1.3-pyhd8ed1ab_0.tar.bz2#bafa5df6d4f8db69a4d197b4657127e7
https://conda.anaconda.org/conda-forge/noarch/urllib3-1.26.5-pyhd8ed1ab_0.tar.bz2#36f0ca66d6dd09423e5c2551148d45cd
https://conda.anaconda.org/conda-forge/noarch/wcwidth-0.2.5-pyh9f0ad1d_2.tar.bz2#5266fcd697043c59621fda522b3d78ee
https://conda.anaconda.org/conda-forge/noarch/nbclient-0.5.3-pyhd8ed1ab_0.tar.bz2#67f12831640fde52fe9be1bbc6b699e7
https://conda.anaconda.org/conda-forge/noarch/prompt-toolkit-3.0.18-pyha770c72_0.tar.bz2#aa44d0f71016061e83df1126764acdb7
https://conda.anaconda.org/pytorch/win-64/pytorch-1.8.1-py3.8_cuda11.1_cudnn8_0.tar.bz2#16272446b7e2e609b9cb9ed80ce76835
https://conda.anaconda.org/conda-forge/noarch/requests-2.25.1-pyhd3deb0d_0.tar.bz2#ae687aba31a1c400192a86a2e993ffdc
https://conda.anaconda.org/conda-forge/noarch/ensureconda-1.4.1-pyhd8ed1ab_0.tar.bz2#52a7f7cc9076e2c8a25e15e19ad42821
https://conda.anaconda.org/conda-forge/win-64/ipython-7.24.1-py38h43734a8_0.tar.bz2#8842835f02f21550f9ade9116608e08c
https://conda.anaconda.org/conda-forge/win-64/nbconvert-6.0.7-py38haa244fe_3.tar.bz2#29a323f66b8d790aeb71eb16b0663670
https://conda.anaconda.org/conda-forge/win-64/nvidia-apex-0.1-py38hea2869c_4.tar.bz2#e0bf8f76cbe3e0101e8201bbcbfa25e8
https://conda.anaconda.org/conda-forge/noarch/conda-lock-0.10.0-pyhd8ed1ab_0.tar.bz2#33053e3a6e0697b26771c51132e5e471
https://conda.anaconda.org/conda-forge/win-64/ipykernel-5.5.5-py38h43734a8_0.tar.bz2#8de82843dd82bb8ecce5d9d1dd16a0bc
https://conda.anaconda.org/conda-forge/noarch/jupyter_server-1.8.0-pyhd8ed1ab_0.tar.bz2#969aeead1aa6309d60dfcf19125ebd04
https://conda.anaconda.org/conda-forge/noarch/jupyterlab_server-2.6.0-pyhd8ed1ab_0.tar.bz2#62e29ad8a1c72f2ec56dffef91870fe3
https://conda.anaconda.org/conda-forge/noarch/notebook-6.4.0-pyha770c72_0.tar.bz2#1edbf3ee7482e201e572db0211e17f30
https://conda.anaconda.org/conda-forge/noarch/nbclassic-0.3.1-pyhd8ed1ab_1.tar.bz2#aa4f94da9fafb5b774493b26b631ad3f
https://conda.anaconda.org/conda-forge/noarch/jupyterlab-3.0.16-pyhd8ed1ab_0.tar.bz2#48c10ee082d1649df09476e55bdc84e9
